
Microsoft Visual Studio Solution File, Format Version 12.00
# Visual Studio Version 17
VisualStudioVersion = 17.2.32526.322
MinimumVisualStudioVersion = 10.0.40219.1
Project("{FAE04EC0-301F-11D3-BF4B-00C04F79EFBC}") = "SamaSchool", "SamaSchool\SamaSchool.csproj", "{94BE9B14-FB51-4E9E-8DDE-56B587FFB392}"
EndProject
Global
	GlobalSection(SolutionConfigurationPlatforms) = preSolution
		Debug|Any CPU = Debug|Any CPU
		Release|Any CPU = Release|Any CPU
	EndGlobalSection
	GlobalSection(ProjectConfigurationPlatforms) = postSolution
		{94BE9B14-FB51-4E9E-8DDE-56B587FFB392}.Debug|Any CPU.ActiveCfg = Debug|Any CPU
		{94BE9B14-FB51-4E9E-8DDE-56B587FFB392}.Debug|Any CPU.Build.0 = Debug|Any CPU
		{94BE9B14-FB51-4E9E-8DDE-56B587FFB392}.Release|Any CPU.ActiveCfg = Release|Any CPU
		{94BE9B14-FB51-4E9E-8DDE-56B587FFB392}.Release|Any CPU.Build.0 = Release|Any CPU
	EndGlobalSection
	GlobalSection(SolutionProperties) = preSolution
		HideSolutionNode = FALSE
	EndGlobalSection
	GlobalSection(ExtensibilityGlobals) = postSolution
		SolutionGuid = {5261B530-6D4D-401D-B017-7FF6B518AED8}
	EndGlobalSection
EndGlobal
